PODS:
  - FlutterMacOS (1.0.0)
  - rust_lib_dart (0.0.1):
    - FlutterMacOS

DEPENDENCIES:
  - FlutterMacOS (from `Flutter/ephemeral`)
  - rust_lib_dart (from `Flutter/ephemeral/.symlinks/plugins/rust_lib_dart/macos`)

EXTERNAL SOURCES:
  FlutterMacOS:
    :path: Flutter/ephemeral
  rust_lib_dart:
    :path: Flutter/ephemeral/.symlinks/plugins/rust_lib_dart/macos

SPEC CHECKSUMS:
  FlutterMacOS: 8f6f14fa908a6fb3fba0cd85dbd81ec4b251fb24
  rust_lib_dart: cfffc6e202587b165a810a6a02fa3cbb9c3b4447

PODFILE CHECKSUM: 236401fc2c932af29a9fcf0e97baeeb2d750d367

COCOAPODS: 1.12.1
